
Microsoft Visual Studio Solution File, Format Version 12.00
# Visual Studio Version 16
VisualStudioVersion = 16.0.31702.278
MinimumVisualStudioVersion = 10.0.40219.1
Project("{2150E333-8FDC-42A3-9474-1A3956D46DE8}") = "Task0", "Task0", "{7104C4D6-55E5-401A-A598-A7466AAC82EB}"
EndProject
Project("{FAE04EC0-301F-11D3-BF4B-00C04F79EFBC}") = "Tyuiu.AramaAG.Sprint6.Task0.V17.Lib", "Tyuiu.AramaAG.Sprint6.Task0.V17.Lib\Tyuiu.AramaAG.Sprint6.Task0.V17.Lib.csproj", "{545D0D82-5E82-4C2C-8F41-D0E94F8D6FD5}"
EndProject
Project("{FAE04EC0-301F-11D3-BF4B-00C04F79EFBC}") = "Tyuiu.AramaAG.Sprint6.Task0.V17.Test", "Tyuiu.AramaAG.Sprint6.Task0.V17.Test\Tyuiu.AramaAG.Sprint6.Task0.V17.Test.csproj", "{57D20011-F5E8-45B8-B9B2-E4BE7FF25EDE}"
EndProject
Project("{FAE04EC0-301F-11D3-BF4B-00C04F79EFBC}") = "Tyuiu.AramaAG.Sprint6.Task0.V17", "Tyuiu.AramaAG.Sprint6.Task0.V17\Tyuiu.AramaAG.Sprint6.Task0.V17.csproj", "{5891A451-8789-45BC-8CCF-42C840AE73F5}"
EndProject
Project("{2150E333-8FDC-42A3-9474-1A3956D46DE8}") = "Task1", "Task1", "{7FC1DF89-6B95-4F23-9B3F-1F8EF7BDC701}"
EndProject
Project("{FAE04EC0-301F-11D3-BF4B-00C04F79EFBC}") = "Tyuiu.AramaAG.Sprint6.Task1.V15.Lib", "Tyuiu.AramaAG.Sprint6.Task1.V15.Lib\Tyuiu.AramaAG.Sprint6.Task1.V15.Lib.csproj", "{A37D2E79-1736-49E7-9B9B-84BE4BE8E093}"
EndProject
Project("{FAE04EC0-301F-11D3-BF4B-00C04F79EFBC}") = "Tyuiu.AramaAG.Sprint6.Task1.V15.Test", "Tyuiu.AramaAG.Sprint6.Task1.V15.Test\Tyuiu.AramaAG.Sprint6.Task1.V15.Test.csproj", "{AC22C817-40D1-4A8C-AE86-1BF423A78850}"
EndProject
Project("{FAE04EC0-301F-11D3-BF4B-00C04F79EFBC}") = "Tyuiu.AramaAG.Sprint6.Task1.V15", "Tyuiu.AramaAG.Sprint6.Task1.V15\Tyuiu.AramaAG.Sprint6.Task1.V15.csproj", "{6D321541-6D11-4E1D-B13C-BA72287655F7}"
EndProject
Project("{2150E333-8FDC-42A3-9474-1A3956D46DE8}") = "Task2", "Task2", "{010140AC-6285-4681-A86C-A7A1150419B7}"
EndProject
Project("{FAE04EC0-301F-11D3-BF4B-00C04F79EFBC}") = "Tyuiu.AramaAG.Sprint6.Task2.V13.Test", "Tyuiu.AramaAG.Sprint6.Task2.V13.Test\Tyuiu.AramaAG.Sprint6.Task2.V13.Test.csproj", "{D28F31C7-F86C-4934-8559-68C4515AA7A5}"
EndProject
Project("{FAE04EC0-301F-11D3-BF4B-00C04F79EFBC}") = "Tyuiu.AramaAG.Sprint6.Task2.V13.Lib", "Tyuiu.AramaAG.Sprint6.Task2.V13.Lib\Tyuiu.AramaAG.Sprint6.Task2.V13.Lib.csproj", "{18040ABC-8B88-4D73-AF24-B7649FC8DC3D}"
EndProject
Project("{FAE04EC0-301F-11D3-BF4B-00C04F79EFBC}") = "Tyuiu.AramaAG.Sprint6.Task2.V13", "Tyuiu.AramaAG.Sprint6.Task2.V13\Tyuiu.AramaAG.Sprint6.Task2.V13.csproj", "{4E41E8ED-02A9-471D-9268-44DA1BEF202B}"
EndProject
Project("{2150E333-8FDC-42A3-9474-1A3956D46DE8}") = "Task3", "Task3", "{E9D66D67-646D-44AC-9096-BA64DE146B7A}"
EndProject
Project("{FAE04EC0-301F-11D3-BF4B-00C04F79EFBC}") = "Tyuiu.AramaAG.Sprint6.Task3.V20", "Tyuiu.AramaAG.Sprint6.Task3.V20\Tyuiu.AramaAG.Sprint6.Task3.V20.csproj", "{CE2133CF-4145-4904-8847-2961BD375831}"
EndProject
Project("{FAE04EC0-301F-11D3-BF4B-00C04F79EFBC}") = "Tyuiu.AramaAG.Sprint6.Task3.V20.Lib", "Tyuiu.AramaAG.Sprint6.Task3.V20.Lib\Tyuiu.AramaAG.Sprint6.Task3.V20.Lib.csproj", "{4C1A0AD8-2333-4BF6-A621-8651C71FC469}"
EndProject
Project("{FAE04EC0-301F-11D3-BF4B-00C04F79EFBC}") = "Tyuiu.AramaAG.Sprint6.Task3.V20.Test", "Tyuiu.AramaAG.Sprint6.Task3.V20.Test\Tyuiu.AramaAG.Sprint6.Task3.V20.Test.csproj", "{4D1CEF44-767F-4120-8118-566F9929DFE2}"
EndProject
Project("{2150E333-8FDC-42A3-9474-1A3956D46DE8}") = "Task4", "Task4", "{D496027D-2FB8-43AA-8BD3-3EA449AC475B}"
EndProject
Project("{FAE04EC0-301F-11D3-BF4B-00C04F79EFBC}") = "Tyuiu.AramaAG.Sprint6.Task4.V28", "Tyuiu.AramaAG.Sprint6.Task4.V28\Tyuiu.AramaAG.Sprint6.Task4.V28.csproj", "{F192A08F-19B9-4B18-9E2A-0C9A2F34DFD4}"
EndProject
Project("{FAE04EC0-301F-11D3-BF4B-00C04F79EFBC}") = "Tyuiu.AramaAG.Sprint6.Task4.V28.Test", "Tyuiu.AramaAG.Sprint6.Task4.V28.Test\Tyuiu.AramaAG.Sprint6.Task4.V28.Test.csproj", "{E395C68E-D86C-4F27-B58E-B3532BF272B6}"
EndProject
Project("{FAE04EC0-301F-11D3-BF4B-00C04F79EFBC}") = "Tyuiu.AramaAG.Sprint6.Task4.V28.Lib", "Tyuiu.AramaAG.Sprint6.Task4.V28.Lib\Tyuiu.AramaAG.Sprint6.Task4.V28.Lib.csproj", "{D620BEAC-ECCB-447D-AA9F-17F3A690D765}"
EndProject
Global
	GlobalSection(SolutionConfigurationPlatforms) = preSolution
		Debug|Any CPU = Debug|Any CPU
		Release|Any CPU = Release|Any CPU
	EndGlobalSection
	GlobalSection(ProjectConfigurationPlatforms) = postSolution
		{545D0D82-5E82-4C2C-8F41-D0E94F8D6FD5}.Debug|Any CPU.ActiveCfg = Debug|Any CPU
		{545D0D82-5E82-4C2C-8F41-D0E94F8D6FD5}.Debug|Any CPU.Build.0 = Debug|Any CPU
		{545D0D82-5E82-4C2C-8F41-D0E94F8D6FD5}.Release|Any CPU.ActiveCfg = Release|Any CPU
		{545D0D82-5E82-4C2C-8F41-D0E94F8D6FD5}.Release|Any CPU.Build.0 = Release|Any CPU
		{57D20011-F5E8-45B8-B9B2-E4BE7FF25EDE}.Debug|Any CPU.ActiveCfg = Debug|Any CPU
		{57D20011-F5E8-45B8-B9B2-E4BE7FF25EDE}.Debug|Any CPU.Build.0 = Debug|Any CPU
		{57D20011-F5E8-45B8-B9B2-E4BE7FF25EDE}.Release|Any CPU.ActiveCfg = Release|Any CPU
		{57D20011-F5E8-45B8-B9B2-E4BE7FF25EDE}.Release|Any CPU.Build.0 = Release|Any CPU
		{5891A451-8789-45BC-8CCF-42C840AE73F5}.Debug|Any CPU.ActiveCfg = Debug|Any CPU
		{5891A451-8789-45BC-8CCF-42C840AE73F5}.Debug|Any CPU.Build.0 = Debug|Any CPU
		{5891A451-8789-45BC-8CCF-42C840AE73F5}.Release|Any CPU.ActiveCfg = Release|Any CPU
		{5891A451-8789-45BC-8CCF-42C840AE73F5}.Release|Any CPU.Build.0 = Release|Any CPU
		{A37D2E79-1736-49E7-9B9B-84BE4BE8E093}.Debug|Any CPU.ActiveCfg = Debug|Any CPU
		{A37D2E79-1736-49E7-9B9B-84BE4BE8E093}.Debug|Any CPU.Build.0 = Debug|Any CPU
		{A37D2E79-1736-49E7-9B9B-84BE4BE8E093}.Release|Any CPU.ActiveCfg = Release|Any CPU
		{A37D2E79-1736-49E7-9B9B-84BE4BE8E093}.Release|Any CPU.Build.0 = Release|Any CPU
		{AC22C817-40D1-4A8C-AE86-1BF423A78850}.Debug|Any CPU.ActiveCfg = Debug|Any CPU
		{AC22C817-40D1-4A8C-AE86-1BF423A78850}.Debug|Any CPU.Build.0 = Debug|Any CPU
		{AC22C817-40D1-4A8C-AE86-1BF423A78850}.Release|Any CPU.ActiveCfg = Release|Any CPU
		{AC22C817-40D1-4A8C-AE86-1BF423A78850}.Release|Any CPU.Build.0 = Release|Any CPU
		{6D321541-6D11-4E1D-B13C-BA72287655F7}.Debug|Any CPU.ActiveCfg = Debug|Any CPU
		{6D321541-6D11-4E1D-B13C-BA72287655F7}.Debug|Any CPU.Build.0 = Debug|Any CPU
		{6D321541-6D11-4E1D-B13C-BA72287655F7}.Release|Any CPU.ActiveCfg = Release|Any CPU
		{6D321541-6D11-4E1D-B13C-BA72287655F7}.Release|Any CPU.Build.0 = Release|Any CPU
		{D28F31C7-F86C-4934-8559-68C4515AA7A5}.Debug|Any CPU.ActiveCfg = Debug|Any CPU
		{D28F31C7-F86C-4934-8559-68C4515AA7A5}.Debug|Any CPU.Build.0 = Debug|Any CPU
		{D28F31C7-F86C-4934-8559-68C4515AA7A5}.Release|Any CPU.ActiveCfg = Release|Any CPU
		{D28F31C7-F86C-4934-8559-68C4515AA7A5}.Release|Any CPU.Build.0 = Release|Any CPU
		{18040ABC-8B88-4D73-AF24-B7649FC8DC3D}.Debug|Any CPU.ActiveCfg = Debug|Any CPU
		{18040ABC-8B88-4D73-AF24-B7649FC8DC3D}.Debug|Any CPU.Build.0 = Debug|Any CPU
		{18040ABC-8B88-4D73-AF24-B7649FC8DC3D}.Release|Any CPU.ActiveCfg = Release|Any CPU
		{18040ABC-8B88-4D73-AF24-B7649FC8DC3D}.Release|Any CPU.Build.0 = Release|Any CPU
		{4E41E8ED-02A9-471D-9268-44DA1BEF202B}.Debug|Any CPU.ActiveCfg = Debug|Any CPU
		{4E41E8ED-02A9-471D-9268-44DA1BEF202B}.Debug|Any CPU.Build.0 = Debug|Any CPU
		{4E41E8ED-02A9-471D-9268-44DA1BEF202B}.Release|Any CPU.ActiveCfg = Release|Any CPU
		{4E41E8ED-02A9-471D-9268-44DA1BEF202B}.Release|Any CPU.Build.0 = Release|Any CPU
		{CE2133CF-4145-4904-8847-2961BD375831}.Debug|Any CPU.ActiveCfg = Debug|Any CPU
		{CE2133CF-4145-4904-8847-2961BD375831}.Debug|Any CPU.Build.0 = Debug|Any CPU
		{CE2133CF-4145-4904-8847-2961BD375831}.Release|Any CPU.ActiveCfg = Release|Any CPU
		{CE2133CF-4145-4904-8847-2961BD375831}.Release|Any CPU.Build.0 = Release|Any CPU
		{4C1A0AD8-2333-4BF6-A621-8651C71FC469}.Debug|Any CPU.ActiveCfg = Debug|Any CPU
		{4C1A0AD8-2333-4BF6-A621-8651C71FC469}.Debug|Any CPU.Build.0 = Debug|Any CPU
		{4C1A0AD8-2333-4BF6-A621-8651C71FC469}.Release|Any CPU.ActiveCfg = Release|Any CPU
		{4C1A0AD8-2333-4BF6-A621-8651C71FC469}.Release|Any CPU.Build.0 = Release|Any CPU
		{4D1CEF44-767F-4120-8118-566F9929DFE2}.Debug|Any CPU.ActiveCfg = Debug|Any CPU
		{4D1CEF44-767F-4120-8118-566F9929DFE2}.Debug|Any CPU.Build.0 = Debug|Any CPU
		{4D1CEF44-767F-4120-8118-566F9929DFE2}.Release|Any CPU.ActiveCfg = Release|Any CPU
		{4D1CEF44-767F-4120-8118-566F9929DFE2}.Release|Any CPU.Build.0 = Release|Any CPU
		{F192A08F-19B9-4B18-9E2A-0C9A2F34DFD4}.Debug|Any CPU.ActiveCfg = Debug|Any CPU
		{F192A08F-19B9-4B18-9E2A-0C9A2F34DFD4}.Debug|Any CPU.Build.0 = Debug|Any CPU
		{F192A08F-19B9-4B18-9E2A-0C9A2F34DFD4}.Release|Any CPU.ActiveCfg = Release|Any CPU
		{F192A08F-19B9-4B18-9E2A-0C9A2F34DFD4}.Release|Any CPU.Build.0 = Release|Any CPU
		{E395C68E-D86C-4F27-B58E-B3532BF272B6}.Debug|Any CPU.ActiveCfg = Debug|Any CPU
		{E395C68E-D86C-4F27-B58E-B3532BF272B6}.Debug|Any CPU.Build.0 = Debug|Any CPU
		{E395C68E-D86C-4F27-B58E-B3532BF272B6}.Release|Any CPU.ActiveCfg = Release|Any CPU
		{E395C68E-D86C-4F27-B58E-B3532BF272B6}.Release|Any CPU.Build.0 = Release|Any CPU
		{D620BEAC-ECCB-447D-AA9F-17F3A690D765}.Debug|Any CPU.ActiveCfg = Debug|Any CPU
		{D620BEAC-ECCB-447D-AA9F-17F3A690D765}.Debug|Any CPU.Build.0 = Debug|Any CPU
		{D620BEAC-ECCB-447D-AA9F-17F3A690D765}.Release|Any CPU.ActiveCfg = Release|Any CPU
		{D620BEAC-ECCB-447D-AA9F-17F3A690D765}.Release|Any CPU.Build.0 = Release|Any CPU
	EndGlobalSection
	GlobalSection(SolutionProperties) = preSolution
		HideSolutionNode = FALSE
	EndGlobalSection
	GlobalSection(NestedProjects) = preSolution
		{545D0D82-5E82-4C2C-8F41-D0E94F8D6FD5} = {7104C4D6-55E5-401A-A598-A7466AAC82EB}
		{57D20011-F5E8-45B8-B9B2-E4BE7FF25EDE} = {7104C4D6-55E5-401A-A598-A7466AAC82EB}
		{5891A451-8789-45BC-8CCF-42C840AE73F5} = {7104C4D6-55E5-401A-A598-A7466AAC82EB}
		{A37D2E79-1736-49E7-9B9B-84BE4BE8E093} = {7FC1DF89-6B95-4F23-9B3F-1F8EF7BDC701}
		{AC22C817-40D1-4A8C-AE86-1BF423A78850} = {7FC1DF89-6B95-4F23-9B3F-1F8EF7BDC701}
		{6D321541-6D11-4E1D-B13C-BA72287655F7} = {7FC1DF89-6B95-4F23-9B3F-1F8EF7BDC701}
		{D28F31C7-F86C-4934-8559-68C4515AA7A5} = {010140AC-6285-4681-A86C-A7A1150419B7}
		{18040ABC-8B88-4D73-AF24-B7649FC8DC3D} = {010140AC-6285-4681-A86C-A7A1150419B7}
		{4E41E8ED-02A9-471D-9268-44DA1BEF202B} = {010140AC-6285-4681-A86C-A7A1150419B7}
		{CE2133CF-4145-4904-8847-2961BD375831} = {E9D66D67-646D-44AC-9096-BA64DE146B7A}
		{4C1A0AD8-2333-4BF6-A621-8651C71FC469} = {E9D66D67-646D-44AC-9096-BA64DE146B7A}
		{4D1CEF44-767F-4120-8118-566F9929DFE2} = {E9D66D67-646D-44AC-9096-BA64DE146B7A}
		{F192A08F-19B9-4B18-9E2A-0C9A2F34DFD4} = {D496027D-2FB8-43AA-8BD3-3EA449AC475B}
		{E395C68E-D86C-4F27-B58E-B3532BF272B6} = {D496027D-2FB8-43AA-8BD3-3EA449AC475B}
		{D620BEAC-ECCB-447D-AA9F-17F3A690D765} = {D496027D-2FB8-43AA-8BD3-3EA449AC475B}
	EndGlobalSection
	GlobalSection(ExtensibilityGlobals) = postSolution
		SolutionGuid = {68CEA4AE-E15A-44EE-9B4E-9EEBAADEDF59}
	EndGlobalSection
EndGlobal
