
Microsoft Visual Studio Solution File, Format Version 12.00
# Visual Studio Version 16
VisualStudioVersion = 16.0.31702.278
MinimumVisualStudioVersion = 10.0.40219.1
Project("{2150E333-8FDC-42A3-9474-1A3956D46DE8}") = "Task0", "Task0", "{7104C4D6-55E5-401A-A598-A7466AAC82EB}"
EndProject
Project("{FAE04EC0-301F-11D3-BF4B-00C04F79EFBC}") = "Tyuiu.AramaAG.Sprint6.Task0.V17.Lib", "Tyuiu.AramaAG.Sprint6.Task0.V17.Lib\Tyuiu.AramaAG.Sprint6.Task0.V17.Lib.csproj", "{545D0D82-5E82-4C2C-8F41-D0E94F8D6FD5}"
EndProject
Project("{FAE04EC0-301F-11D3-BF4B-00C04F79EFBC}") = "Tyuiu.AramaAG.Sprint6.Task0.V17.Test", "Tyuiu.AramaAG.Sprint6.Task0.V17.Test\Tyuiu.AramaAG.Sprint6.Task0.V17.Test.csproj", "{57D20011-F5E8-45B8-B9B2-E4BE7FF25EDE}"
EndProject
Project("{FAE04EC0-301F-11D3-BF4B-00C04F79EFBC}") = "Tyuiu.AramaAG.Sprint6.Task0.V17", "Tyuiu.AramaAG.Sprint6.Task0.V17\Tyuiu.AramaAG.Sprint6.Task0.V17.csproj", "{5891A451-8789-45BC-8CCF-42C840AE73F5}"
EndProject
Project("{2150E333-8FDC-42A3-9474-1A3956D46DE8}") = "Task1", "Task1", "{7FC1DF89-6B95-4F23-9B3F-1F8EF7BDC701}"
EndProject
Project("{FAE04EC0-301F-11D3-BF4B-00C04F79EFBC}") = "Tyuiu.AramaAG.Sprint6.Task1.V15.Lib", "Tyuiu.AramaAG.Sprint6.Task1.V15.Lib\Tyuiu.AramaAG.Sprint6.Task1.V15.Lib.csproj", "{A37D2E79-1736-49E7-9B9B-84BE4BE8E093}"
EndProject
Project("{FAE04EC0-301F-11D3-BF4B-00C04F79EFBC}") = "Tyuiu.AramaAG.Sprint6.Task1.V15.Test", "Tyuiu.AramaAG.Sprint6.Task1.V15.Test\Tyuiu.AramaAG.Sprint6.Task1.V15.Test.csproj", "{AC22C817-40D1-4A8C-AE86-1BF423A78850}"
EndProject
Project("{FAE04EC0-301F-11D3-BF4B-00C04F79EFBC}") = "Tyuiu.AramaAG.Sprint6.Task1.V15", "Tyuiu.AramaAG.Sprint6.Task1.V15\Tyuiu.AramaAG.Sprint6.Task1.V15.csproj", "{6D321541-6D11-4E1D-B13C-BA72287655F7}"
EndProject
Global
	GlobalSection(SolutionConfigurationPlatforms) = preSolution
		Debug|Any CPU = Debug|Any CPU
		Release|Any CPU = Release|Any CPU
	EndGlobalSection
	GlobalSection(ProjectConfigurationPlatforms) = postSolution
		{545D0D82-5E82-4C2C-8F41-D0E94F8D6FD5}.Debug|Any CPU.ActiveCfg = Debug|Any CPU
		{545D0D82-5E82-4C2C-8F41-D0E94F8D6FD5}.Debug|Any CPU.Build.0 = Debug|Any CPU
		{545D0D82-5E82-4C2C-8F41-D0E94F8D6FD5}.Release|Any CPU.ActiveCfg = Release|Any CPU
		{545D0D82-5E82-4C2C-8F41-D0E94F8D6FD5}.Release|Any CPU.Build.0 = Release|Any CPU
		{57D20011-F5E8-45B8-B9B2-E4BE7FF25EDE}.Debug|Any CPU.ActiveCfg = Debug|Any CPU
		{57D20011-F5E8-45B8-B9B2-E4BE7FF25EDE}.Debug|Any CPU.Build.0 = Debug|Any CPU
		{57D20011-F5E8-45B8-B9B2-E4BE7FF25EDE}.Release|Any CPU.ActiveCfg = Release|Any CPU
		{57D20011-F5E8-45B8-B9B2-E4BE7FF25EDE}.Release|Any CPU.Build.0 = Release|Any CPU
		{5891A451-8789-45BC-8CCF-42C840AE73F5}.Debug|Any CPU.ActiveCfg = Debug|Any CPU
		{5891A451-8789-45BC-8CCF-42C840AE73F5}.Debug|Any CPU.Build.0 = Debug|Any CPU
		{5891A451-8789-45BC-8CCF-42C840AE73F5}.Release|Any CPU.ActiveCfg = Release|Any CPU
		{5891A451-8789-45BC-8CCF-42C840AE73F5}.Release|Any CPU.Build.0 = Release|Any CPU
		{A37D2E79-1736-49E7-9B9B-84BE4BE8E093}.Debug|Any CPU.ActiveCfg = Debug|Any CPU
		{A37D2E79-1736-49E7-9B9B-84BE4BE8E093}.Debug|Any CPU.Build.0 = Debug|Any CPU
		{A37D2E79-1736-49E7-9B9B-84BE4BE8E093}.Release|Any CPU.ActiveCfg = Release|Any CPU
		{A37D2E79-1736-49E7-9B9B-84BE4BE8E093}.Release|Any CPU.Build.0 = Release|Any CPU
		{AC22C817-40D1-4A8C-AE86-1BF423A78850}.Debug|Any CPU.ActiveCfg = Debug|Any CPU
		{AC22C817-40D1-4A8C-AE86-1BF423A78850}.Debug|Any CPU.Build.0 = Debug|Any CPU
		{AC22C817-40D1-4A8C-AE86-1BF423A78850}.Release|Any CPU.ActiveCfg = Release|Any CPU
		{AC22C817-40D1-4A8C-AE86-1BF423A78850}.Release|Any CPU.Build.0 = Release|Any CPU
		{6D321541-6D11-4E1D-B13C-BA72287655F7}.Debug|Any CPU.ActiveCfg = Debug|Any CPU
		{6D321541-6D11-4E1D-B13C-BA72287655F7}.Debug|Any CPU.Build.0 = Debug|Any CPU
		{6D321541-6D11-4E1D-B13C-BA72287655F7}.Release|Any CPU.ActiveCfg = Release|Any CPU
		{6D321541-6D11-4E1D-B13C-BA72287655F7}.Release|Any CPU.Build.0 = Release|Any CPU
	EndGlobalSection
	GlobalSection(SolutionProperties) = preSolution
		HideSolutionNode = FALSE
	EndGlobalSection
	GlobalSection(NestedProjects) = preSolution
		{545D0D82-5E82-4C2C-8F41-D0E94F8D6FD5} = {7104C4D6-55E5-401A-A598-A7466AAC82EB}
		{57D20011-F5E8-45B8-B9B2-E4BE7FF25EDE} = {7104C4D6-55E5-401A-A598-A7466AAC82EB}
		{5891A451-8789-45BC-8CCF-42C840AE73F5} = {7104C4D6-55E5-401A-A598-A7466AAC82EB}
		{A37D2E79-1736-49E7-9B9B-84BE4BE8E093} = {7FC1DF89-6B95-4F23-9B3F-1F8EF7BDC701}
		{AC22C817-40D1-4A8C-AE86-1BF423A78850} = {7FC1DF89-6B95-4F23-9B3F-1F8EF7BDC701}
		{6D321541-6D11-4E1D-B13C-BA72287655F7} = {7FC1DF89-6B95-4F23-9B3F-1F8EF7BDC701}
	EndGlobalSection
	GlobalSection(ExtensibilityGlobals) = postSolution
		SolutionGuid = {68CEA4AE-E15A-44EE-9B4E-9EEBAADEDF59}
	EndGlobalSection
EndGlobal
